// !$*UTF8*$!
{
	archiveVersion = 1;
	classes = {
	};
	objectVersion = 46;
	objects = {

/* Begin PBXBuildFile section */
		4F7D081D1D53B9C800F552A5 /* ACWI-2008-yql.json in Resources */ = {isa = PBXBuildFile; fileRef = 4F7D08151D53B9C800F552A5 /* ACWI-2008-yql.json */; };
		4F7D081E1D53B9C800F552A5 /* ACWI-2009-yql.json in Resources */ = {isa = PBXBuildFile; fileRef = 4F7D08161D53B9C800F552A5 /* ACWI-2009-yql.json */; };
		4F7D081F1D53B9C800F552A5 /* ACWI-2010-yql.json in Resources */ = {isa = PBXBuildFile; fileRef = 4F7D08171D53B9C800F552A5 /* ACWI-2010-yql.json */; };
		4F7D08201D53B9C800F552A5 /* ACWI-2011-yql.json in Resources */ = {isa = PBXBuildFile; fileRef = 4F7D08181D53B9C800F552A5 /* ACWI-2011-yql.json */; };
		4F7D08211D53B9C800F552A5 /* ACWI-2012-yql.json in Resources */ = {isa = PBXBuildFile; fileRef = 4F7D08191D53B9C800F552A5 /* ACWI-2012-yql.json */; };
		4F7D08221D53B9C800F552A5 /* ACWI-2013-yql.json in Resources */ = {isa = PBXBuildFile; fileRef = 4F7D081A1D53B9C800F552A5 /* ACWI-2013-yql.json */; };
		4F7D08231D53B9C800F552A5 /* ACWI-2014-yql.json in Resources */ = {isa = PBXBuildFile; fileRef = 4F7D081B1D53B9C800F552A5 /* ACWI-2014-yql.json */; };
		4F7D08241D53B9C800F552A5 /* ACWI-2015-yql.json in Resources */ = {isa = PBXBuildFile; fileRef = 4F7D081C1D53B9C800F552A5 /* ACWI-2015-yql.json */; };
		4FA663401D3D78520035C419 /* Line.swift in Sources */ = {isa = PBXBuildFile; fileRef = 4FA6633F1D3D78520035C419 /* Line.swift */; };
		4FAB08EA1D543B4F00FECC94 /* Line copy.swift in Sources */ = {isa = PBXBuildFile; fileRef = 4FAB08E91D543B4F00FECC94 /* Line copy.swift */; };
		4FACDD661CC6EC3F00A9389E /* AppDelegate.swift in Sources */ = {isa = PBXBuildFile; fileRef = 4FACDD571CC6EC3F00A9389E /* AppDelegate.swift */; };
		4FACDD671CC6EC3F00A9389E /* Assets.xcassets in Resources */ = {isa = PBXBuildFile; fileRef = 4FACDD581CC6EC3F00A9389E /* Assets.xcassets */; };
		4FACDD6A1CC6EC3F00A9389E /* Circle.swift in Sources */ = {isa = PBXBuildFile; fileRef = 4FACDD5E1CC6EC3F00A9389E /* Circle.swift */; };
		4FACDD6B1CC6EC3F00A9389E /* CircleCalculator.swift in Sources */ = {isa = PBXBuildFile; fileRef = 4FACDD5F1CC6EC3F00A9389E /* CircleCalculator.swift */; };
		4FACDD6C1CC6EC3F00A9389E /* CompoundBar.swift in Sources */ = {isa = PBXBuildFile; fileRef = 4FACDD601CC6EC3F00A9389E /* CompoundBar.swift */; };
		4FACDD6D1CC6EC3F00A9389E /* CompoundBarCalculator.swift in Sources */ = {isa = PBXBuildFile; fileRef = 4FACDD611CC6EC3F00A9389E /* CompoundBarCalculator.swift */; };
		4FACDD711CC6EC3F00A9389E /* ViewController.swift in Sources */ = {isa = PBXBuildFile; fileRef = 4FACDD651CC6EC3F00A9389E /* ViewController.swift */; };
		4FACDD7D1CC6EDB900A9389E /* Main.storyboard in Resources */ = {isa = PBXBuildFile; fileRef = 4FACDD5C1CC6EC3F00A9389E /* Main.storyboard */; };
		4FACDD7E1CC6EDBF00A9389E /* LaunchScreen.storyboard in Resources */ = {isa = PBXBuildFile; fileRef = 4FACDD5A1CC6EC3F00A9389E /* LaunchScreen.storyboard */; };
		4FC960531D3D80F1003F4D6E /* LineData.swift in Sources */ = {isa = PBXBuildFile; fileRef = 4FC960521D3D80F1003F4D6E /* LineData.swift */; };
		4FCC5CAF1D54E4B60040C406 /* ACWI-2016-yql.json in Resources */ = {isa = PBXBuildFile; fileRef = 4FCC5CAE1D54E4B60040C406 /* ACWI-2016-yql.json */; };
		4FCF01901CE101A100E95189 /* Area.swift in Sources */ = {isa = PBXBuildFile; fileRef = 4FCF018F1CE101A100E95189 /* Area.swift */; };
/* End PBXBuildFile section */

/* Begin PBXFileReference section */
		4F7D08151D53B9C800F552A5 /* ACWI-2008-yql.json */ = {isa = PBXFileReference; fileEncoding = 4; lastKnownFileType = text.json; name = "ACWI-2008-yql.json"; path = "Chart/ACWI-2008-yql.json"; sourceTree = SOURCE_ROOT; };
		4F7D08161D53B9C800F552A5 /* ACWI-2009-yql.json */ = {isa = PBXFileReference; fileEncoding = 4; lastKnownFileType = text.json; name = "ACWI-2009-yql.json"; path = "Chart/ACWI-2009-yql.json"; sourceTree = SOURCE_ROOT; };
		4F7D08171D53B9C800F552A5 /* ACWI-2010-yql.json */ = {isa = PBXFileReference; fileEncoding = 4; lastKnownFileType = text.json; name = "ACWI-2010-yql.json"; path = "Chart/ACWI-2010-yql.json"; sourceTree = SOURCE_ROOT; };
		4F7D08181D53B9C800F552A5 /* ACWI-2011-yql.json */ = {isa = PBXFileReference; fileEncoding = 4; lastKnownFileType = text.json; name = "ACWI-2011-yql.json"; path = "Chart/ACWI-2011-yql.json"; sourceTree = SOURCE_ROOT; };
		4F7D08191D53B9C800F552A5 /* ACWI-2012-yql.json */ = {isa = PBXFileReference; fileEncoding = 4; lastKnownFileType = text.json; name = "ACWI-2012-yql.json"; path = "Chart/ACWI-2012-yql.json"; sourceTree = SOURCE_ROOT; };
		4F7D081A1D53B9C800F552A5 /* ACWI-2013-yql.json */ = {isa = PBXFileReference; fileEncoding = 4; lastKnownFileType = text.json; name = "ACWI-2013-yql.json"; path = "Chart/ACWI-2013-yql.json"; sourceTree = SOURCE_ROOT; };
		4F7D081B1D53B9C800F552A5 /* ACWI-2014-yql.json */ = {isa = PBXFileReference; fileEncoding = 4; lastKnownFileType = text.json; name = "ACWI-2014-yql.json"; path = "Chart/ACWI-2014-yql.json"; sourceTree = SOURCE_ROOT; };
		4F7D081C1D53B9C800F552A5 /* ACWI-2015-yql.json */ = {isa = PBXFileReference; fileEncoding = 4; lastKnownFileType = text.json; name = "ACWI-2015-yql.json"; path = "Chart/ACWI-2015-yql.json"; sourceTree = SOURCE_ROOT; };
		4FA6633F1D3D78520035C419 /* Line.swift */ = {isa = PBXFileReference; fileEncoding = 4; lastKnownFileType = sourcecode.swift; name = Line.swift; path = Chart/Line.swift; sourceTree = SOURCE_ROOT; };
		4FAB08E91D543B4F00FECC94 /* Line copy.swift */ = {isa = PBXFileReference; fileEncoding = 4; lastKnownFileType = sourcecode.swift; name = "Line copy.swift"; path = "Chart/Line copy.swift"; sourceTree = SOURCE_ROOT; };
		4FACDD571CC6EC3F00A9389E /* AppDelegate.swift */ = {isa = PBXFileReference; fileEncoding = 4; lastKnownFileType = sourcecode.swift; name = AppDelegate.swift; path = Chart/AppDelegate.swift; sourceTree = SOURCE_ROOT; };
		4FACDD581CC6EC3F00A9389E /* Assets.xcassets */ = {isa = PBXFileReference; lastKnownFileType = folder.assetcatalog; name = Assets.xcassets; path = Chart/Assets.xcassets; sourceTree = SOURCE_ROOT; };
		4FACDD5B1CC6EC3F00A9389E /* Base */ = {isa = PBXFileReference; lastKnownFileType = file.storyboard; name = Base; path = LaunchScreen.storyboard; sourceTree = "<group>"; };
		4FACDD5D1CC6EC3F00A9389E /* Base */ = {isa = PBXFileReference; lastKnownFileType = file.storyboard; name = Base; path = Main.storyboard; sourceTree = "<group>"; };
		4FACDD5E1CC6EC3F00A9389E /* Circle.swift */ = {isa = PBXFileReference; fileEncoding = 4; lastKnownFileType = sourcecode.swift; name = Circle.swift; path = Chart/Circle.swift; sourceTree = SOURCE_ROOT; };
		4FACDD5F1CC6EC3F00A9389E /* CircleCalculator.swift */ = {isa = PBXFileReference; fileEncoding = 4; lastKnownFileType = sourcecode.swift; name = CircleCalculator.swift; path = Chart/CircleCalculator.swift; sourceTree = SOURCE_ROOT; };
		4FACDD601CC6EC3F00A9389E /* CompoundBar.swift */ = {isa = PBXFileReference; fileEncoding = 4; lastKnownFileType = sourcecode.swift; name = CompoundBar.swift; path = Chart/CompoundBar.swift; sourceTree = SOURCE_ROOT; };
		4FACDD611CC6EC3F00A9389E /* CompoundBarCalculator.swift */ = {isa = PBXFileReference; fileEncoding = 4; lastKnownFileType = sourcecode.swift; name = CompoundBarCalculator.swift; path = Chart/CompoundBarCalculator.swift; sourceTree = SOURCE_ROOT; };
		4FACDD621CC6EC3F00A9389E /* CompoundBarCalculatorTests.swift */ = {isa = PBXFileReference; fileEncoding = 4; lastKnownFileType = sourcecode.swift; name = CompoundBarCalculatorTests.swift; path = Chart/CompoundBarCalculatorTests.swift; sourceTree = SOURCE_ROOT; };
		4FACDD641CC6EC3F00A9389E /* Info.plist */ = {isa = PBXFileReference; fileEncoding = 4; lastKnownFileType = text.plist.xml; name = Info.plist; path = Chart/Info.plist; sourceTree = SOURCE_ROOT; };
		4FACDD651CC6EC3F00A9389E /* ViewController.swift */ = {isa = PBXFileReference; fileEncoding = 4; lastKnownFileType = sourcecode.swift; name = ViewController.swift; path = Chart/ViewController.swift; sourceTree = SOURCE_ROOT; };
		4FACDD721CC6EC5500A9389E /* CircleTests.swift */ = {isa = PBXFileReference; fileEncoding = 4; lastKnownFileType = sourcecode.swift; name = CircleTests.swift; path = ChartTests/CircleTests.swift; sourceTree = SOURCE_ROOT; };
		4FACDD731CC6EC5500A9389E /* CompoundBarTests.swift */ = {isa = PBXFileReference; fileEncoding = 4; lastKnownFileType = sourcecode.swift; name = CompoundBarTests.swift; path = ChartTests/CompoundBarTests.swift; sourceTree = SOURCE_ROOT; };
		4FACDD741CC6EC5500A9389E /* Info.plist */ = {isa = PBXFileReference; fileEncoding = 4; lastKnownFileType = text.plist.xml; name = Info.plist; path = ChartTests/Info.plist; sourceTree = SOURCE_ROOT; };
		4FBE40FF1CC535EC0056DFE3 /* Chart.app */ = {isa = PBXFileReference; explicitFileType = wrapper.application; includeInIndex = 0; path = Chart.app; sourceTree = BUILT_PRODUCTS_DIR; };
		4FC960521D3D80F1003F4D6E /* LineData.swift */ = {isa = PBXFileReference; fileEncoding = 4; lastKnownFileType = sourcecode.swift; name = LineData.swift; path = Chart/LineData.swift; sourceTree = SOURCE_ROOT; };
		4FCC5CAE1D54E4B60040C406 /* ACWI-2016-yql.json */ = {isa = PBXFileReference; fileEncoding = 4; lastKnownFileType = text.json; name = "ACWI-2016-yql.json"; path = "Chart/ACWI-2016-yql.json"; sourceTree = SOURCE_ROOT; };
		4FCF018F1CE101A100E95189 /* Area.swift */ = {isa = PBXFileReference; fileEncoding = 4; lastKnownFileType = sourcecode.swift; name = Area.swift; path = Chart/Area.swift; sourceTree = SOURCE_ROOT; };
/* End PBXFileReference section */

/* Begin PBXFrameworksBuildPhase section */
		4FBE40FC1CC535EC0056DFE3 /* Frameworks */ = {
			isa = PBXFrameworksBuildPhase;
			buildActionMask = 2147483647;
			files = (
			);
			runOnlyForDeploymentPostprocessing = 0;
		};
/* End PBXFrameworksBuildPhase section */

/* Begin PBXGroup section */
		4F7D08041D53B98800F552A5 /* LineData */ = {
			isa = PBXGroup;
			children = (
				4F7D08151D53B9C800F552A5 /* ACWI-2008-yql.json */,
				4F7D08161D53B9C800F552A5 /* ACWI-2009-yql.json */,
				4F7D08171D53B9C800F552A5 /* ACWI-2010-yql.json */,
				4F7D08181D53B9C800F552A5 /* ACWI-2011-yql.json */,
				4F7D08191D53B9C800F552A5 /* ACWI-2012-yql.json */,
				4F7D081A1D53B9C800F552A5 /* ACWI-2013-yql.json */,
				4F7D081B1D53B9C800F552A5 /* ACWI-2014-yql.json */,
				4F7D081C1D53B9C800F552A5 /* ACWI-2015-yql.json */,
				4FCC5CAE1D54E4B60040C406 /* ACWI-2016-yql.json */,
			);
			name = LineData;
			path = ../Chart/Base.lproj;
			sourceTree = "<group>";
		};
		4FACDD591CC6EC3F00A9389E /* Base.lproj */ = {
			isa = PBXGroup;
			children = (
				4FACDD5A1CC6EC3F00A9389E /* LaunchScreen.storyboard */,
				4FACDD5C1CC6EC3F00A9389E /* Main.storyboard */,
			);
			name = Base.lproj;
			path = Chart/Base.lproj;
			sourceTree = SOURCE_ROOT;
		};
		4FBE40F61CC535EC0056DFE3 = {
			isa = PBXGroup;
			children = (
				4FBE41011CC535EC0056DFE3 /* CompoundBarChart */,
				4FBE41161CC535EC0056DFE3 /* CompoundBarChartTests */,
				4FBE41001CC535EC0056DFE3 /* Products */,
			);
			sourceTree = "<group>";
		};
		4FBE41001CC535EC0056DFE3 /* Products */ = {
			isa = PBXGroup;
			children = (
				4FBE40FF1CC535EC0056DFE3 /* Chart.app */,
			);
			name = Products;
			sourceTree = "<group>";
		};
		4FBE41011CC535EC0056DFE3 /* CompoundBarChart */ = {
			isa = PBXGroup;
			children = (
				4FACDD571CC6EC3F00A9389E /* AppDelegate.swift */,
				4FCF018F1CE101A100E95189 /* Area.swift */,
				4FACDD581CC6EC3F00A9389E /* Assets.xcassets */,
				4FACDD591CC6EC3F00A9389E /* Base.lproj */,
				4FACDD5E1CC6EC3F00A9389E /* Circle.swift */,
				4FACDD5F1CC6EC3F00A9389E /* CircleCalculator.swift */,
				4FACDD601CC6EC3F00A9389E /* CompoundBar.swift */,
				4FACDD611CC6EC3F00A9389E /* CompoundBarCalculator.swift */,
				4FACDD621CC6EC3F00A9389E /* CompoundBarCalculatorTests.swift */,
				4FACDD641CC6EC3F00A9389E /* Info.plist */,
				4FA6633F1D3D78520035C419 /* Line.swift */,
				4FAB08E91D543B4F00FECC94 /* Line copy.swift */,
				4FC960521D3D80F1003F4D6E /* LineData.swift */,
				4F7D08041D53B98800F552A5 /* LineData */,
				4FACDD651CC6EC3F00A9389E /* ViewController.swift */,
			);
			path = CompoundBarChart;
			sourceTree = "<group>";
		};
		4FBE41161CC535EC0056DFE3 /* CompoundBarChartTests */ = {
			isa = PBXGroup;
			children = (
				4FACDD721CC6EC5500A9389E /* CircleTests.swift */,
				4FACDD731CC6EC5500A9389E /* CompoundBarTests.swift */,
				4FACDD741CC6EC5500A9389E /* Info.plist */,
			);
			path = CompoundBarChartTests;
			sourceTree = "<group>";
		};
/* End PBXGroup section */

/* Begin PBXNativeTarget section */
		4FBE40FE1CC535EC0056DFE3 /* Chart */ = {
			isa = PBXNativeTarget;
			buildConfigurationList = 4FBE411C1CC535EC0056DFE3 /* Build configuration list for PBXNativeTarget "Chart" */;
			buildPhases = (
				4FBE40FB1CC535EC0056DFE3 /* Sources */,
				4FBE40FC1CC535EC0056DFE3 /* Frameworks */,
				4FBE40FD1CC535EC0056DFE3 /* Resources */,
			);
			buildRules = (
			);
			dependencies = (
			);
			name = Chart;
			productName = CompoundBarChart;
			productReference = 4FBE40FF1CC535EC0056DFE3 /* Chart.app */;
			productType = "com.apple.product-type.application";
		};
/* End PBXNativeTarget section */

/* Begin PBXProject section */
		4FBE40F71CC535EC0056DFE3 /* Project object */ = {
			isa = PBXProject;
			attributes = {
				LastSwiftUpdateCheck = 0730;
				LastUpgradeCheck = 0800;
				ORGANIZATIONNAME = "Daher Alfawares";
				TargetAttributes = {
					4FBE40FE1CC535EC0056DFE3 = {
						CreatedOnToolsVersion = 7.3;
						DevelopmentTeam = NF856H64DK;
						DevelopmentTeamName = "Daher Alfawares";
						LastSwiftMigration = 0800;
					};
				};
			};
			buildConfigurationList = 4FBE40FA1CC535EC0056DFE3 /* Build configuration list for PBXProject "Chart" */;
			compatibilityVersion = "Xcode 3.2";
			developmentRegion = English;
			hasScannedForEncodings = 0;
			knownRegions = (
				en,
				Base,
			);
			mainGroup = 4FBE40F61CC535EC0056DFE3;
			productRefGroup = 4FBE41001CC535EC0056DFE3 /* Products */;
			projectDirPath = "";
			projectRoot = "";
			targets = (
				4FBE40FE1CC535EC0056DFE3 /* Chart */,
			);
		};
/* End PBXProject section */

/* Begin PBXResourcesBuildPhase section */
		4FBE40FD1CC535EC0056DFE3 /* Resources */ = {
			isa = PBXResourcesBuildPhase;
			buildActionMask = 2147483647;
			files = (
				4F7D08201D53B9C800F552A5 /* ACWI-2011-yql.json in Resources */,
				4F7D08211D53B9C800F552A5 /* ACWI-2012-yql.json in Resources */,
				4FACDD671CC6EC3F00A9389E /* Assets.xcassets in Resources */,
				4FCC5CAF1D54E4B60040C406 /* ACWI-2016-yql.json in Resources */,
				4F7D08231D53B9C800F552A5 /* ACWI-2014-yql.json in Resources */,
				4F7D081E1D53B9C800F552A5 /* ACWI-2009-yql.json in Resources */,
				4F7D081D1D53B9C800F552A5 /* ACWI-2008-yql.json in Resources */,
				4FACDD7E1CC6EDBF00A9389E /* LaunchScreen.storyboard in Resources */,
				4FACDD7D1CC6EDB900A9389E /* Main.storyboard in Resources */,
				4F7D081F1D53B9C800F552A5 /* ACWI-2010-yql.json in Resources */,
				4F7D08221D53B9C800F552A5 /* ACWI-2013-yql.json in Resources */,
				4F7D08241D53B9C800F552A5 /* ACWI-2015-yql.json in Resources */,
			);
			runOnlyForDeploymentPostprocessing = 0;
		};
/* End PBXResourcesBuildPhase section */

/* Begin PBXSourcesBuildPhase section */
		4FBE40FB1CC535EC0056DFE3 /* Sources */ = {
			isa = PBXSourcesBuildPhase;
			buildActionMask = 2147483647;
			files = (
				4FACDD6B1CC6EC3F00A9389E /* CircleCalculator.swift in Sources */,
				4FACDD661CC6EC3F00A9389E /* AppDelegate.swift in Sources */,
				4FACDD711CC6EC3F00A9389E /* ViewController.swift in Sources */,
				4FCF01901CE101A100E95189 /* Area.swift in Sources */,
				4FACDD6C1CC6EC3F00A9389E /* CompoundBar.swift in Sources */,
				4FA663401D3D78520035C419 /* Line.swift in Sources */,
				4FACDD6A1CC6EC3F00A9389E /* Circle.swift in Sources */,
				4FAB08EA1D543B4F00FECC94 /* Line copy.swift in Sources */,
				4FACDD6D1CC6EC3F00A9389E /* CompoundBarCalculator.swift in Sources */,
				4FC960531D3D80F1003F4D6E /* LineData.swift in Sources */,
			);
			runOnlyForDeploymentPostprocessing = 0;
		};
/* End PBXSourcesBuildPhase section */

/* Begin PBXVariantGroup section */
		4FACDD5A1CC6EC3F00A9389E /* LaunchScreen.storyboard */ = {
			isa = PBXVariantGroup;
			children = (
				4FACDD5B1CC6EC3F00A9389E /* Base */,
			);
			name = LaunchScreen.storyboard;
			sourceTree = "<group>";
		};
		4FACDD5C1CC6EC3F00A9389E /* Main.storyboard */ = {
			isa = PBXVariantGroup;
			children = (
				4FACDD5D1CC6EC3F00A9389E /* Base */,
			);
			name = Main.storyboard;
			sourceTree = "<group>";
		};
/* End PBXVariantGroup section */

/* Begin XCBuildConfiguration section */
		4FBE411A1CC535EC0056DFE3 /* Debug */ = {
			isa = XCBuildConfiguration;
			buildSettings = {
				ALWAYS_SEARCH_USER_PATHS = NO;
				CLANG_ANALYZER_NONNULL = YES;
				CLANG_CXX_LANGUAGE_STANDARD = "gnu++0x";
				CLANG_CXX_LIBRARY = "libc++";
				CLANG_ENABLE_MODULES = YES;
				CLANG_ENABLE_OBJC_ARC = YES;
				CLANG_WARN_BOOL_CONVERSION = YES;
				CLANG_WARN_CONSTANT_CONVERSION = YES;
				CLANG_WARN_DIRECT_OBJC_ISA_USAGE = YES_ERROR;
				CLANG_WARN_EMPTY_BODY = YES;
				CLANG_WARN_ENUM_CONVERSION = YES;
				CLANG_WARN_INT_CONVERSION = YES;
				CLANG_WARN_OBJC_ROOT_CLASS = YES_ERROR;
				CLANG_WARN_UNREACHABLE_CODE = YES;
				CLANG_WARN__DUPLICATE_METHOD_MATCH = YES;
				"CODE_SIGN_IDENTITY[sdk=iphoneos*]" = "iPhone Developer";
				COPY_PHASE_STRIP = NO;
				DEBUG_INFORMATION_FORMAT = dwarf;
				ENABLE_STRICT_OBJC_MSGSEND = YES;
				ENABLE_TESTABILITY = YES;
				GCC_C_LANGUAGE_STANDARD = gnu99;
				GCC_DYNAMIC_NO_PIC = NO;
				GCC_NO_COMMON_BLOCKS = YES;
				GCC_OPTIMIZATION_LEVEL = 0;
				GCC_PREPROCESSOR_DEFINITIONS = (
					"DEBUG=1",
					"$(inherited)",
				);
				GCC_WARN_64_TO_32_BIT_CONVERSION = YES;
				GCC_WARN_ABOUT_RETURN_TYPE = YES_ERROR;
				GCC_WARN_UNDECLARED_SELECTOR = YES;
				GCC_WARN_UNINITIALIZED_AUTOS = YES_AGGRESSIVE;
				GCC_WARN_UNUSED_FUNCTION = YES;
				GCC_WARN_UNUSED_VARIABLE = YES;
				IPHONEOS_DEPLOYMENT_TARGET = 10.0;
				MTL_ENABLE_DEBUG_INFO = YES;
				ONLY_ACTIVE_ARCH = YES;
				SDKROOT = iphoneos;
				SWIFT_OPTIMIZATION_LEVEL = "-Onone";
				TARGETED_DEVICE_FAMILY = "1,2";
			};
			name = Debug;
		};
		4FBE411B1CC535EC0056DFE3 /* Release */ = {
			isa = XCBuildConfiguration;
			buildSettings = {
				ALWAYS_SEARCH_USER_PATHS = NO;
				CLANG_ANALYZER_NONNULL = YES;
				CLANG_CXX_LANGUAGE_STANDARD = "gnu++0x";
				CLANG_CXX_LIBRARY = "libc++";
				CLANG_ENABLE_MODULES = YES;
				CLANG_ENABLE_OBJC_ARC = YES;
				CLANG_WARN_BOOL_CONVERSION = YES;
				CLANG_WARN_CONSTANT_CONVERSION = YES;
				CLANG_WARN_DIRECT_OBJC_ISA_USAGE = YES_ERROR;
				CLANG_WARN_EMPTY_BODY = YES;
				CLANG_WARN_ENUM_CONVERSION = YES;
				CLANG_WARN_INT_CONVERSION = YES;
				CLANG_WARN_OBJC_ROOT_CLASS = YES_ERROR;
				CLANG_WARN_UNREACHABLE_CODE = YES;
				CLANG_WARN__DUPLICATE_METHOD_MATCH = YES;
				"CODE_SIGN_IDENTITY[sdk=iphoneos*]" = "iPhone Developer";
				COPY_PHASE_STRIP = NO;
				DEBUG_INFORMATION_FORMAT = "dwarf-with-dsym";
				ENABLE_NS_ASSERTIONS = NO;
				ENABLE_STRICT_OBJC_MSGSEND = YES;
				GCC_C_LANGUAGE_STANDARD = gnu99;
				GCC_NO_COMMON_BLOCKS = YES;
				GCC_WARN_64_TO_32_BIT_CONVERSION = YES;
				GCC_WARN_ABOUT_RETURN_TYPE = YES_ERROR;
				GCC_WARN_UNDECLARED_SELECTOR = YES;
				GCC_WARN_UNINITIALIZED_AUTOS = YES_AGGRESSIVE;
				GCC_WARN_UNUSED_FUNCTION = YES;
				GCC_WARN_UNUSED_VARIABLE = YES;
				IPHONEOS_DEPLOYMENT_TARGET = 10.0;
				MTL_ENABLE_DEBUG_INFO = NO;
				SDKROOT = iphoneos;
				TARGETED_DEVICE_FAMILY = "1,2";
				VALIDATE_PRODUCT = YES;
			};
			name = Release;
		};
		4FBE411D1CC535EC0056DFE3 /* Debug */ = {
			isa = XCBuildConfiguration;
			buildSettings = {
				ASSETCATALOG_COMPILER_APPICON_NAME = AppIcon;
				ASSETCATALOG_COMPILER_LAUNCHIMAGE_NAME = "Brand Assets";
				INFOPLIST_FILE = "$(SRCROOT)/Chart/Info.plist";
				IPHONEOS_DEPLOYMENT_TARGET = 10.0;
				LD_RUNPATH_SEARCH_PATHS = "$(inherited) @executable_path/Frameworks";
				PRODUCT_BUNDLE_IDENTIFIER = "Daher-Alfawares.CompoundBarChart";
				PRODUCT_NAME = "$(TARGET_NAME)";
				SWIFT_VERSION = 3.0;
			};
			name = Debug;
		};
		4FBE411E1CC535EC0056DFE3 /* Release */ = {
			isa = XCBuildConfiguration;
			buildSettings = {
				ASSETCATALOG_COMPILER_APPICON_NAME = AppIcon;
				ASSETCATALOG_COMPILER_LAUNCHIMAGE_NAME = "Brand Assets";
				INFOPLIST_FILE = "$(SRCROOT)/Chart/Info.plist";
				IPHONEOS_DEPLOYMENT_TARGET = 10.0;
				LD_RUNPATH_SEARCH_PATHS = "$(inherited) @executable_path/Frameworks";
				PRODUCT_BUNDLE_IDENTIFIER = "Daher-Alfawares.CompoundBarChart";
				PRODUCT_NAME = "$(TARGET_NAME)";
				SWIFT_OPTIMIZATION_LEVEL = "-Owholemodule";
				SWIFT_VERSION = 3.0;
			};
			name = Release;
		};
/* End XCBuildConfiguration section */

/* Begin XCConfigurationList section */
		4FBE40FA1CC535EC0056DFE3 /* Build configuration list for PBXProject "Chart" */ = {
			isa = XCConfigurationList;
			buildConfigurations = (
				4FBE411A1CC535EC0056DFE3 /* Debug */,
				4FBE411B1CC535EC0056DFE3 /* Release */,
			);
			defaultConfigurationIsVisible = 0;
			defaultConfigurationName = Release;
		};
		4FBE411C1CC535EC0056DFE3 /* Build configuration list for PBXNativeTarget "Chart" */ = {
			isa = XCConfigurationList;
			buildConfigurations = (
				4FBE411D1CC535EC0056DFE3 /* Debug */,
				4FBE411E1CC535EC0056DFE3 /* Release */,
			);
			defaultConfigurationIsVisible = 0;
			defaultConfigurationName = Release;
		};
/* End XCConfigurationList section */
	};
	rootObject = 4FBE40F71CC535EC0056DFE3 /* Project object */;
}
